
Microsoft Visual Studio Solution File, Format Version 12.00
# Visual Studio 15
VisualStudioVersion = 15.0.27428.2011
MinimumVisualStudioVersion = 10.0.40219.1
Project("{FAE04EC0-301F-11D3-BF4B-00C04F79EFBC}") = "Type them!", "Type them!\Type them!.csproj", "{F5DEE740-CB91-4EB8-BB64-40C65F80BD7B}"
EndProject
Global
	GlobalSection(SolutionConfigurationPlatforms) = preSolution
		Debug|Any CPU = Debug|Any CPU
		Release|Any CPU = Release|Any CPU
	EndGlobalSection
	GlobalSection(ProjectConfigurationPlatforms) = postSolution
		{F5DEE740-CB91-4EB8-BB64-40C65F80BD7B}.Debug|Any CPU.ActiveCfg = Debug|Any CPU
		{F5DEE740-CB91-4EB8-BB64-40C65F80BD7B}.Debug|Any CPU.Build.0 = Debug|Any CPU
		{F5DEE740-CB91-4EB8-BB64-40C65F80BD7B}.Release|Any CPU.ActiveCfg = Release|Any CPU
		{F5DEE740-CB91-4EB8-BB64-40C65F80BD7B}.Release|Any CPU.Build.0 = Release|Any CPU
	EndGlobalSection
	GlobalSection(SolutionProperties) = preSolution
		HideSolutionNode = FALSE
	EndGlobalSection
	GlobalSection(ExtensibilityGlobals) = postSolution
		SolutionGuid = {F22AE6FD-571F-481B-B857-7D7ED9ECCF4A}
	EndGlobalSection
EndGlobal
